
Microsoft Visual Studio Solution File, Format Version 12.00
Project("{FAE04EC0-301F-11D3-BF4B-00C04F79EFBC}") = "FlowExplainer.Desktop", "FlowExplainer.Desktop\FlowExplainer.Desktop.csproj", "{0EBA0EE6-54D3-4D2E-86F1-C5EF01A4A9E6}"
EndProject
Project("{FAE04EC0-301F-11D3-BF4B-00C04F79EFBC}") = "FlowExplainer.Tests", "FlowExplainer.Tests\FlowExplainer.Tests.csproj", "{BA6EA3ED-ABBD-4D54-B506-319DB4B9F15E}"
EndProject
Project("{FAE04EC0-301F-11D3-BF4B-00C04F79EFBC}") = "FlowExplainer.Core", "FlowExplainer.Core\FlowExplainer.Core.csproj", "{7BE79286-A1DC-4358-A703-26436DFB49B3}"
EndProject
Project("{FAE04EC0-301F-11D3-BF4B-00C04F79EFBC}") = "FlowExplainer.Trajectory", "FlowExplainer.Trajectory\FlowExplainer.Trajectory.csproj", "{1BB68369-7BB3-4F89-B295-6DF3735C96F4}"
EndProject
Project("{FAE04EC0-301F-11D3-BF4B-00C04F79EFBC}") = "FlowExplainer.Spectral", "FlowExplainer.Spectral\FlowExplainer.Spectral.csproj", "{5809E81E-9611-4CBA-ADAF-B0B5EC8678AB}"
EndProject
Project("{FAE04EC0-301F-11D3-BF4B-00C04F79EFBC}") = "FlowExplainer.Sandbox", "FlowExplainer.Sandbox\FlowExplainer.Sandbox.csproj", "{CF426000-F285-43A9-8229-6DE2E9571EB0}"
EndProject
Project("{FAE04EC0-301F-11D3-BF4B-00C04F79EFBC}") = "FlowExplainer.Core.Generator", "FlowExplainer.Core.Generator\FlowExplainer.Core.Generator.csproj", "{BE2E3F32-CD69-4DE2-9CE1-320265EDCF59}"
EndProject
Global
	GlobalSection(SolutionConfigurationPlatforms) = preSolution
		Debug|Any CPU = Debug|Any CPU
		Release|Any CPU = Release|Any CPU
	EndGlobalSection
	GlobalSection(ProjectConfigurationPlatforms) = postSolution
		{0EBA0EE6-54D3-4D2E-86F1-C5EF01A4A9E6}.Debug|Any CPU.ActiveCfg = Debug|Any CPU
		{0EBA0EE6-54D3-4D2E-86F1-C5EF01A4A9E6}.Debug|Any CPU.Build.0 = Debug|Any CPU
		{0EBA0EE6-54D3-4D2E-86F1-C5EF01A4A9E6}.Release|Any CPU.ActiveCfg = Release|Any CPU
		{0EBA0EE6-54D3-4D2E-86F1-C5EF01A4A9E6}.Release|Any CPU.Build.0 = Release|Any CPU
		{BA6EA3ED-ABBD-4D54-B506-319DB4B9F15E}.Debug|Any CPU.ActiveCfg = Debug|Any CPU
		{BA6EA3ED-ABBD-4D54-B506-319DB4B9F15E}.Debug|Any CPU.Build.0 = Debug|Any CPU
		{BA6EA3ED-ABBD-4D54-B506-319DB4B9F15E}.Release|Any CPU.ActiveCfg = Release|Any CPU
		{BA6EA3ED-ABBD-4D54-B506-319DB4B9F15E}.Release|Any CPU.Build.0 = Release|Any CPU
		{7BE79286-A1DC-4358-A703-26436DFB49B3}.Debug|Any CPU.ActiveCfg = Debug|Any CPU
		{7BE79286-A1DC-4358-A703-26436DFB49B3}.Debug|Any CPU.Build.0 = Debug|Any CPU
		{7BE79286-A1DC-4358-A703-26436DFB49B3}.Release|Any CPU.ActiveCfg = Release|Any CPU
		{7BE79286-A1DC-4358-A703-26436DFB49B3}.Release|Any CPU.Build.0 = Release|Any CPU
		{1BB68369-7BB3-4F89-B295-6DF3735C96F4}.Debug|Any CPU.ActiveCfg = Debug|Any CPU
		{1BB68369-7BB3-4F89-B295-6DF3735C96F4}.Debug|Any CPU.Build.0 = Debug|Any CPU
		{1BB68369-7BB3-4F89-B295-6DF3735C96F4}.Release|Any CPU.ActiveCfg = Release|Any CPU
		{1BB68369-7BB3-4F89-B295-6DF3735C96F4}.Release|Any CPU.Build.0 = Release|Any CPU
		{5809E81E-9611-4CBA-ADAF-B0B5EC8678AB}.Debug|Any CPU.ActiveCfg = Debug|Any CPU
		{5809E81E-9611-4CBA-ADAF-B0B5EC8678AB}.Debug|Any CPU.Build.0 = Debug|Any CPU
		{5809E81E-9611-4CBA-ADAF-B0B5EC8678AB}.Release|Any CPU.ActiveCfg = Release|Any CPU
		{5809E81E-9611-4CBA-ADAF-B0B5EC8678AB}.Release|Any CPU.Build.0 = Release|Any CPU
		{CF426000-F285-43A9-8229-6DE2E9571EB0}.Debug|Any CPU.ActiveCfg = Debug|Any CPU
		{CF426000-F285-43A9-8229-6DE2E9571EB0}.Debug|Any CPU.Build.0 = Debug|Any CPU
		{CF426000-F285-43A9-8229-6DE2E9571EB0}.Release|Any CPU.ActiveCfg = Release|Any CPU
		{CF426000-F285-43A9-8229-6DE2E9571EB0}.Release|Any CPU.Build.0 = Release|Any CPU
		{BE2E3F32-CD69-4DE2-9CE1-320265EDCF59}.Debug|Any CPU.ActiveCfg = Debug|Any CPU
		{BE2E3F32-CD69-4DE2-9CE1-320265EDCF59}.Debug|Any CPU.Build.0 = Debug|Any CPU
		{BE2E3F32-CD69-4DE2-9CE1-320265EDCF59}.Release|Any CPU.ActiveCfg = Release|Any CPU
		{BE2E3F32-CD69-4DE2-9CE1-320265EDCF59}.Release|Any CPU.Build.0 = Release|Any CPU
	EndGlobalSection
EndGlobal
